
Microsoft Visual Studio Solution File, Format Version 12.00
# Visual Studio 2012
Project("{FAE04EC0-301F-11D3-BF4B-00C04F79EFBC}") = "NewMatServerCMD", "NewMatServerCMD\NewMatServerCMD.csproj", "{0A6B0E70-C0BE-4C08-B2AB-1FD64E4B3E4B}"
EndProject
Project("{FAE04EC0-301F-11D3-BF4B-00C04F79EFBC}") = "CompactFormatterPlus", "FullFramework\CompactFormatterPlus\CompactFormatterPlus.csproj", "{6F873B2F-21A4-4C98-A107-5C42227B892F}"
EndProject
Project("{FAE04EC0-301F-11D3-BF4B-00C04F79EFBC}") = "ADOHelper", "FullFramework\CompactFormmatterPlusADOHelper\ADOHelper.csproj", "{48D7E559-55F9-4236-9083-DBAC1FD7E9C9}"
EndProject
Project("{FAE04EC0-301F-11D3-BF4B-00C04F79EFBC}") = "ISerial", "FullFramework\ISerial\ISerial.csproj", "{FDA9E41D-6C9D-4E0A-A75A-8938A0596B66}"
EndProject
Global
	GlobalSection(SolutionConfigurationPlatforms) = preSolution
		CD_ROM|Any CPU = CD_ROM|Any CPU
		CD_ROM|Mixed Platforms = CD_ROM|Mixed Platforms
		CD_ROM|x86 = CD_ROM|x86
		Debug|Any CPU = Debug|Any CPU
		Debug|Mixed Platforms = Debug|Mixed Platforms
		Debug|x86 = Debug|x86
		DVD-5|Any CPU = DVD-5|Any CPU
		DVD-5|Mixed Platforms = DVD-5|Mixed Platforms
		DVD-5|x86 = DVD-5|x86
		Release|Any CPU = Release|Any CPU
		Release|Mixed Platforms = Release|Mixed Platforms
		Release|x86 = Release|x86
		SingleImage|Any CPU = SingleImage|Any CPU
		SingleImage|Mixed Platforms = SingleImage|Mixed Platforms
		SingleImage|x86 = SingleImage|x86
	EndGlobalSection
	GlobalSection(ProjectConfigurationPlatforms) = postSolution
		{0A6B0E70-C0BE-4C08-B2AB-1FD64E4B3E4B}.CD_ROM|Any CPU.ActiveCfg = Release|Any CPU
		{0A6B0E70-C0BE-4C08-B2AB-1FD64E4B3E4B}.CD_ROM|Any CPU.Build.0 = Release|Any CPU
		{0A6B0E70-C0BE-4C08-B2AB-1FD64E4B3E4B}.CD_ROM|Mixed Platforms.ActiveCfg = Release|Any CPU
		{0A6B0E70-C0BE-4C08-B2AB-1FD64E4B3E4B}.CD_ROM|Mixed Platforms.Build.0 = Release|Any CPU
		{0A6B0E70-C0BE-4C08-B2AB-1FD64E4B3E4B}.CD_ROM|x86.ActiveCfg = Release|Any CPU
		{0A6B0E70-C0BE-4C08-B2AB-1FD64E4B3E4B}.Debug|Any CPU.ActiveCfg = Debug|Any CPU
		{0A6B0E70-C0BE-4C08-B2AB-1FD64E4B3E4B}.Debug|Any CPU.Build.0 = Debug|Any CPU
		{0A6B0E70-C0BE-4C08-B2AB-1FD64E4B3E4B}.Debug|Mixed Platforms.ActiveCfg = Debug|Any CPU
		{0A6B0E70-C0BE-4C08-B2AB-1FD64E4B3E4B}.Debug|Mixed Platforms.Build.0 = Debug|Any CPU
		{0A6B0E70-C0BE-4C08-B2AB-1FD64E4B3E4B}.Debug|x86.ActiveCfg = Debug|Any CPU
		{0A6B0E70-C0BE-4C08-B2AB-1FD64E4B3E4B}.DVD-5|Any CPU.ActiveCfg = Debug|Any CPU
		{0A6B0E70-C0BE-4C08-B2AB-1FD64E4B3E4B}.DVD-5|Any CPU.Build.0 = Debug|Any CPU
		{0A6B0E70-C0BE-4C08-B2AB-1FD64E4B3E4B}.DVD-5|Mixed Platforms.ActiveCfg = Debug|Any CPU
		{0A6B0E70-C0BE-4C08-B2AB-1FD64E4B3E4B}.DVD-5|Mixed Platforms.Build.0 = Debug|Any CPU
		{0A6B0E70-C0BE-4C08-B2AB-1FD64E4B3E4B}.DVD-5|x86.ActiveCfg = Debug|Any CPU
		{0A6B0E70-C0BE-4C08-B2AB-1FD64E4B3E4B}.Release|Any CPU.ActiveCfg = Release|Any CPU
		{0A6B0E70-C0BE-4C08-B2AB-1FD64E4B3E4B}.Release|Any CPU.Build.0 = Release|Any CPU
		{0A6B0E70-C0BE-4C08-B2AB-1FD64E4B3E4B}.Release|Mixed Platforms.ActiveCfg = Release|Any CPU
		{0A6B0E70-C0BE-4C08-B2AB-1FD64E4B3E4B}.Release|Mixed Platforms.Build.0 = Release|Any CPU
		{0A6B0E70-C0BE-4C08-B2AB-1FD64E4B3E4B}.Release|x86.ActiveCfg = Release|x86
		{0A6B0E70-C0BE-4C08-B2AB-1FD64E4B3E4B}.Release|x86.Build.0 = Release|x86
		{0A6B0E70-C0BE-4C08-B2AB-1FD64E4B3E4B}.Release|x86.Deploy.0 = Release|x86
		{0A6B0E70-C0BE-4C08-B2AB-1FD64E4B3E4B}.SingleImage|Any CPU.ActiveCfg = Release|Any CPU
		{0A6B0E70-C0BE-4C08-B2AB-1FD64E4B3E4B}.SingleImage|Any CPU.Build.0 = Release|Any CPU
		{0A6B0E70-C0BE-4C08-B2AB-1FD64E4B3E4B}.SingleImage|Mixed Platforms.ActiveCfg = Release|Any CPU
		{0A6B0E70-C0BE-4C08-B2AB-1FD64E4B3E4B}.SingleImage|Mixed Platforms.Build.0 = Release|Any CPU
		{0A6B0E70-C0BE-4C08-B2AB-1FD64E4B3E4B}.SingleImage|x86.ActiveCfg = Release|Any CPU
		{6F873B2F-21A4-4C98-A107-5C42227B892F}.CD_ROM|Any CPU.ActiveCfg = Release|Any CPU
		{6F873B2F-21A4-4C98-A107-5C42227B892F}.CD_ROM|Any CPU.Build.0 = Release|Any CPU
		{6F873B2F-21A4-4C98-A107-5C42227B892F}.CD_ROM|Mixed Platforms.ActiveCfg = Release|Any CPU
		{6F873B2F-21A4-4C98-A107-5C42227B892F}.CD_ROM|Mixed Platforms.Build.0 = Release|Any CPU
		{6F873B2F-21A4-4C98-A107-5C42227B892F}.CD_ROM|x86.ActiveCfg = Release|Any CPU
		{6F873B2F-21A4-4C98-A107-5C42227B892F}.Debug|Any CPU.ActiveCfg = Debug|Any CPU
		{6F873B2F-21A4-4C98-A107-5C42227B892F}.Debug|Any CPU.Build.0 = Debug|Any CPU
		{6F873B2F-21A4-4C98-A107-5C42227B892F}.Debug|Mixed Platforms.ActiveCfg = Debug|Any CPU
		{6F873B2F-21A4-4C98-A107-5C42227B892F}.Debug|Mixed Platforms.Build.0 = Debug|Any CPU
		{6F873B2F-21A4-4C98-A107-5C42227B892F}.Debug|x86.ActiveCfg = Debug|Any CPU
		{6F873B2F-21A4-4C98-A107-5C42227B892F}.DVD-5|Any CPU.ActiveCfg = Debug|Any CPU
		{6F873B2F-21A4-4C98-A107-5C42227B892F}.DVD-5|Any CPU.Build.0 = Debug|Any CPU
		{6F873B2F-21A4-4C98-A107-5C42227B892F}.DVD-5|Mixed Platforms.ActiveCfg = Debug|Any CPU
		{6F873B2F-21A4-4C98-A107-5C42227B892F}.DVD-5|Mixed Platforms.Build.0 = Debug|Any CPU
		{6F873B2F-21A4-4C98-A107-5C42227B892F}.DVD-5|x86.ActiveCfg = Debug|Any CPU
		{6F873B2F-21A4-4C98-A107-5C42227B892F}.Release|Any CPU.ActiveCfg = Release|Any CPU
		{6F873B2F-21A4-4C98-A107-5C42227B892F}.Release|Any CPU.Build.0 = Release|Any CPU
		{6F873B2F-21A4-4C98-A107-5C42227B892F}.Release|Mixed Platforms.ActiveCfg = Release|Any CPU
		{6F873B2F-21A4-4C98-A107-5C42227B892F}.Release|Mixed Platforms.Build.0 = Release|Any CPU
		{6F873B2F-21A4-4C98-A107-5C42227B892F}.Release|x86.ActiveCfg = Release|Any CPU
		{6F873B2F-21A4-4C98-A107-5C42227B892F}.SingleImage|Any CPU.ActiveCfg = Release|Any CPU
		{6F873B2F-21A4-4C98-A107-5C42227B892F}.SingleImage|Any CPU.Build.0 = Release|Any CPU
		{6F873B2F-21A4-4C98-A107-5C42227B892F}.SingleImage|Mixed Platforms.ActiveCfg = Release|Any CPU
		{6F873B2F-21A4-4C98-A107-5C42227B892F}.SingleImage|Mixed Platforms.Build.0 = Release|Any CPU
		{6F873B2F-21A4-4C98-A107-5C42227B892F}.SingleImage|x86.ActiveCfg = Release|Any CPU
		{48D7E559-55F9-4236-9083-DBAC1FD7E9C9}.CD_ROM|Any CPU.ActiveCfg = Release|Any CPU
		{48D7E559-55F9-4236-9083-DBAC1FD7E9C9}.CD_ROM|Any CPU.Build.0 = Release|Any CPU
		{48D7E559-55F9-4236-9083-DBAC1FD7E9C9}.CD_ROM|Mixed Platforms.ActiveCfg = Release|Any CPU
		{48D7E559-55F9-4236-9083-DBAC1FD7E9C9}.CD_ROM|Mixed Platforms.Build.0 = Release|Any CPU
		{48D7E559-55F9-4236-9083-DBAC1FD7E9C9}.CD_ROM|x86.ActiveCfg = Release|Any CPU
		{48D7E559-55F9-4236-9083-DBAC1FD7E9C9}.Debug|Any CPU.ActiveCfg = Debug|Any CPU
		{48D7E559-55F9-4236-9083-DBAC1FD7E9C9}.Debug|Any CPU.Build.0 = Debug|Any CPU
		{48D7E559-55F9-4236-9083-DBAC1FD7E9C9}.Debug|Mixed Platforms.ActiveCfg = Debug|Any CPU
		{48D7E559-55F9-4236-9083-DBAC1FD7E9C9}.Debug|Mixed Platforms.Build.0 = Debug|Any CPU
		{48D7E559-55F9-4236-9083-DBAC1FD7E9C9}.Debug|x86.ActiveCfg = Debug|Any CPU
		{48D7E559-55F9-4236-9083-DBAC1FD7E9C9}.DVD-5|Any CPU.ActiveCfg = Debug|Any CPU
		{48D7E559-55F9-4236-9083-DBAC1FD7E9C9}.DVD-5|Any CPU.Build.0 = Debug|Any CPU
		{48D7E559-55F9-4236-9083-DBAC1FD7E9C9}.DVD-5|Mixed Platforms.ActiveCfg = Debug|Any CPU
		{48D7E559-55F9-4236-9083-DBAC1FD7E9C9}.DVD-5|Mixed Platforms.Build.0 = Debug|Any CPU
		{48D7E559-55F9-4236-9083-DBAC1FD7E9C9}.DVD-5|x86.ActiveCfg = Debug|Any CPU
		{48D7E559-55F9-4236-9083-DBAC1FD7E9C9}.Release|Any CPU.ActiveCfg = Release|Any CPU
		{48D7E559-55F9-4236-9083-DBAC1FD7E9C9}.Release|Any CPU.Build.0 = Release|Any CPU
		{48D7E559-55F9-4236-9083-DBAC1FD7E9C9}.Release|Mixed Platforms.ActiveCfg = Release|Any CPU
		{48D7E559-55F9-4236-9083-DBAC1FD7E9C9}.Release|Mixed Platforms.Build.0 = Release|Any CPU
		{48D7E559-55F9-4236-9083-DBAC1FD7E9C9}.Release|x86.ActiveCfg = Release|Any CPU
		{48D7E559-55F9-4236-9083-DBAC1FD7E9C9}.SingleImage|Any CPU.ActiveCfg = Release|Any CPU
		{48D7E559-55F9-4236-9083-DBAC1FD7E9C9}.SingleImage|Any CPU.Build.0 = Release|Any CPU
		{48D7E559-55F9-4236-9083-DBAC1FD7E9C9}.SingleImage|Mixed Platforms.ActiveCfg = Release|Any CPU
		{48D7E559-55F9-4236-9083-DBAC1FD7E9C9}.SingleImage|Mixed Platforms.Build.0 = Release|Any CPU
		{48D7E559-55F9-4236-9083-DBAC1FD7E9C9}.SingleImage|x86.ActiveCfg = Release|Any CPU
		{FDA9E41D-6C9D-4E0A-A75A-8938A0596B66}.CD_ROM|Any CPU.ActiveCfg = Release|Any CPU
		{FDA9E41D-6C9D-4E0A-A75A-8938A0596B66}.CD_ROM|Any CPU.Build.0 = Release|Any CPU
		{FDA9E41D-6C9D-4E0A-A75A-8938A0596B66}.CD_ROM|Mixed Platforms.ActiveCfg = Release|Any CPU
		{FDA9E41D-6C9D-4E0A-A75A-8938A0596B66}.CD_ROM|Mixed Platforms.Build.0 = Release|Any CPU
		{FDA9E41D-6C9D-4E0A-A75A-8938A0596B66}.CD_ROM|x86.ActiveCfg = Release|Any CPU
		{FDA9E41D-6C9D-4E0A-A75A-8938A0596B66}.Debug|Any CPU.ActiveCfg = Debug|Any CPU
		{FDA9E41D-6C9D-4E0A-A75A-8938A0596B66}.Debug|Any CPU.Build.0 = Debug|Any CPU
		{FDA9E41D-6C9D-4E0A-A75A-8938A0596B66}.Debug|Mixed Platforms.ActiveCfg = Debug|Any CPU
		{FDA9E41D-6C9D-4E0A-A75A-8938A0596B66}.Debug|Mixed Platforms.Build.0 = Debug|Any CPU
		{FDA9E41D-6C9D-4E0A-A75A-8938A0596B66}.Debug|x86.ActiveCfg = Debug|Any CPU
		{FDA9E41D-6C9D-4E0A-A75A-8938A0596B66}.DVD-5|Any CPU.ActiveCfg = Debug|Any CPU
		{FDA9E41D-6C9D-4E0A-A75A-8938A0596B66}.DVD-5|Any CPU.Build.0 = Debug|Any CPU
		{FDA9E41D-6C9D-4E0A-A75A-8938A0596B66}.DVD-5|Mixed Platforms.ActiveCfg = Debug|Any CPU
		{FDA9E41D-6C9D-4E0A-A75A-8938A0596B66}.DVD-5|Mixed Platforms.Build.0 = Debug|Any CPU
		{FDA9E41D-6C9D-4E0A-A75A-8938A0596B66}.DVD-5|x86.ActiveCfg = Debug|Any CPU
		{FDA9E41D-6C9D-4E0A-A75A-8938A0596B66}.Release|Any CPU.ActiveCfg = Release|Any CPU
		{FDA9E41D-6C9D-4E0A-A75A-8938A0596B66}.Release|Any CPU.Build.0 = Release|Any CPU
		{FDA9E41D-6C9D-4E0A-A75A-8938A0596B66}.Release|Mixed Platforms.ActiveCfg = Release|Any CPU
		{FDA9E41D-6C9D-4E0A-A75A-8938A0596B66}.Release|Mixed Platforms.Build.0 = Release|Any CPU
		{FDA9E41D-6C9D-4E0A-A75A-8938A0596B66}.Release|x86.ActiveCfg = Release|Any CPU
		{FDA9E41D-6C9D-4E0A-A75A-8938A0596B66}.SingleImage|Any CPU.ActiveCfg = Release|Any CPU
		{FDA9E41D-6C9D-4E0A-A75A-8938A0596B66}.SingleImage|Any CPU.Build.0 = Release|Any CPU
		{FDA9E41D-6C9D-4E0A-A75A-8938A0596B66}.SingleImage|Mixed Platforms.ActiveCfg = Release|Any CPU
		{FDA9E41D-6C9D-4E0A-A75A-8938A0596B66}.SingleImage|Mixed Platforms.Build.0 = Release|Any CPU
		{FDA9E41D-6C9D-4E0A-A75A-8938A0596B66}.SingleImage|x86.ActiveCfg = Release|Any CPU
	EndGlobalSection
	GlobalSection(SolutionProperties) = preSolution
		HideSolutionNode = FALSE
	EndGlobalSection
EndGlobal
