
Microsoft Visual Studio Solution File, Format Version 12.00
# Visual Studio 2012
Project("{FAE04EC0-301F-11D3-BF4B-00C04F79EFBC}") = "AceNetFrameWork", "AceNetFrameWork\AceNetFrameWork.csproj", "{D11456C7-86C0-4143-B624-FA11180603B9}"
EndProject
Project("{FAE04EC0-301F-11D3-BF4B-00C04F79EFBC}") = "NewMatServerForm", "NewMatServerForm\NewMatServerForm.csproj", "{1DAC3115-350A-45D2-8BAF-D1425DF6ABA4}"
EndProject
Project("{FAE04EC0-301F-11D3-BF4B-00C04F79EFBC}") = "transprot", "transprot\transprot.csproj", "{9D96BCE8-0BDE-4035-91AF-D4C08A630A0F}"
EndProject
Global
	GlobalSection(SolutionConfigurationPlatforms) = preSolution
		Debug|Any CPU = Debug|Any CPU
		Release|Any CPU = Release|Any CPU
	EndGlobalSection
	GlobalSection(ProjectConfigurationPlatforms) = postSolution
		{D11456C7-86C0-4143-B624-FA11180603B9}.Debug|Any CPU.ActiveCfg = Debug|Any CPU
		{D11456C7-86C0-4143-B624-FA11180603B9}.Debug|Any CPU.Build.0 = Debug|Any CPU
		{D11456C7-86C0-4143-B624-FA11180603B9}.Release|Any CPU.ActiveCfg = Release|Any CPU
		{D11456C7-86C0-4143-B624-FA11180603B9}.Release|Any CPU.Build.0 = Release|Any CPU
		{1DAC3115-350A-45D2-8BAF-D1425DF6ABA4}.Debug|Any CPU.ActiveCfg = Debug|Any CPU
		{1DAC3115-350A-45D2-8BAF-D1425DF6ABA4}.Debug|Any CPU.Build.0 = Debug|Any CPU
		{1DAC3115-350A-45D2-8BAF-D1425DF6ABA4}.Release|Any CPU.ActiveCfg = Release|Any CPU
		{1DAC3115-350A-45D2-8BAF-D1425DF6ABA4}.Release|Any CPU.Build.0 = Release|Any CPU
		{9D96BCE8-0BDE-4035-91AF-D4C08A630A0F}.Debug|Any CPU.ActiveCfg = Debug|Any CPU
		{9D96BCE8-0BDE-4035-91AF-D4C08A630A0F}.Debug|Any CPU.Build.0 = Debug|Any CPU
		{9D96BCE8-0BDE-4035-91AF-D4C08A630A0F}.Release|Any CPU.ActiveCfg = Release|Any CPU
		{9D96BCE8-0BDE-4035-91AF-D4C08A630A0F}.Release|Any CPU.Build.0 = Release|Any CPU
	EndGlobalSection
	GlobalSection(SolutionProperties) = preSolution
		HideSolutionNode = FALSE
	EndGlobalSection
EndGlobal
